
Microsoft Visual Studio Solution File, Format Version 12.00
# Visual Studio Version 16
VisualStudioVersion = 16.0.33801.447
MinimumVisualStudioVersion = 10.0.40219.1
Project("{FAE04EC0-301F-11D3-BF4B-00C04F79EFBC}") = "lab1_additional", "lab1_additional\lab1_additional.csproj", "{F38F11D1-1F17-4D5E-998F-64C0B5F5EEED}"
EndProject
Global
	GlobalSection(SolutionConfigurationPlatforms) = preSolution
		Debug|Any CPU = Debug|Any CPU
		Release|Any CPU = Release|Any CPU
	EndGlobalSection
	GlobalSection(ProjectConfigurationPlatforms) = postSolution
		{F38F11D1-1F17-4D5E-998F-64C0B5F5EEED}.Debug|Any CPU.ActiveCfg = Debug|Any CPU
		{F38F11D1-1F17-4D5E-998F-64C0B5F5EEED}.Debug|Any CPU.Build.0 = Debug|Any CPU
		{F38F11D1-1F17-4D5E-998F-64C0B5F5EEED}.Release|Any CPU.ActiveCfg = Release|Any CPU
		{F38F11D1-1F17-4D5E-998F-64C0B5F5EEED}.Release|Any CPU.Build.0 = Release|Any CPU
	EndGlobalSection
	GlobalSection(SolutionProperties) = preSolution
		HideSolutionNode = FALSE
	EndGlobalSection
	GlobalSection(ExtensibilityGlobals) = postSolution
		SolutionGuid = {FDD75479-7FDD-4C01-BEEE-29A5B502CF50}
	EndGlobalSection
EndGlobal
